
Microsoft Visual Studio Solution File, Format Version 12.00
# Visual Studio Version 16
VisualStudioVersion = 16.0.32428.217
MinimumVisualStudioVersion = 10.0.40219.1
Project("{9A19103F-16F7-4668-BE54-9A1E7A4F7556}") = "BlazorApp", "BlazorApp\BlazorApp.csproj", "{4487551A-EF86-4DE9-A73D-64BCD73AC7D5}"
EndProject
Project("{9A19103F-16F7-4668-BE54-9A1E7A4F7556}") = "BlazorStudy", "BlazorStudy\BlazorStudy.csproj", "{033CAFF7-71D4-475E-9DF9-CE8A1A150891}"
EndProject
Global
	GlobalSection(SolutionConfigurationPlatforms) = preSolution
		Debug|Any CPU = Debug|Any CPU
		Release|Any CPU = Release|Any CPU
	EndGlobalSection
	GlobalSection(ProjectConfigurationPlatforms) = postSolution
		{4487551A-EF86-4DE9-A73D-64BCD73AC7D5}.Debug|Any CPU.ActiveCfg = Debug|Any CPU
		{4487551A-EF86-4DE9-A73D-64BCD73AC7D5}.Debug|Any CPU.Build.0 = Debug|Any CPU
		{4487551A-EF86-4DE9-A73D-64BCD73AC7D5}.Release|Any CPU.ActiveCfg = Release|Any CPU
		{4487551A-EF86-4DE9-A73D-64BCD73AC7D5}.Release|Any CPU.Build.0 = Release|Any CPU
		{033CAFF7-71D4-475E-9DF9-CE8A1A150891}.Debug|Any CPU.ActiveCfg = Debug|Any CPU
		{033CAFF7-71D4-475E-9DF9-CE8A1A150891}.Debug|Any CPU.Build.0 = Debug|Any CPU
		{033CAFF7-71D4-475E-9DF9-CE8A1A150891}.Release|Any CPU.ActiveCfg = Release|Any CPU
		{033CAFF7-71D4-475E-9DF9-CE8A1A150891}.Release|Any CPU.Build.0 = Release|Any CPU
	EndGlobalSection
	GlobalSection(SolutionProperties) = preSolution
		HideSolutionNode = FALSE
	EndGlobalSection
	GlobalSection(ExtensibilityGlobals) = postSolution
		SolutionGuid = {2ED981F8-A6B0-4A02-9B69-AF518131CB36}
	EndGlobalSection
EndGlobal
